{
  "name": "stamp-lang",
  "version": "1.1.0",
  "lockfileVersion": 1,
  "requires": true,
  "dependencies": {
    "minimist": {
      "version": "0.0.8",
      "resolved": "https://registry.npmjs.org/minimist/-/minimist-0.0.8.tgz",
      "integrity": "sha1-hX/Kv8M5fSYluCKCYuhqp6ARsF0="
    },
    "mkdirp": {
      "version": "0.5.1",
      "resolved": "https://registry.npmjs.org/mkdirp/-/mkdirp-0.5.1.tgz",
      "integrity": "sha1-MAV0OOrGz3+MR2fzhkjWaX11yQM=",
      "requires": {
        "minimist": "0.0.8"
      }
    },
    "project-lang": {
      "version": "1.1.0",
      "resolved": "https://registry.npmjs.org/project-lang/-/project-lang-1.1.0.tgz",
      "integrity": "sha512-26pILv7Xld44662xAFxPA7ERqhi0goHGj2jkGJGkQkHdp2+oi+YegFTudTvDAhwYxtSukRWoAwpgHJW8cw3SQQ==",
      "requires": {
        "treeprogram": "8.6.0"
      },
      "dependencies": {
        "treeprogram": {
          "version": "8.6.0",
          "resolved": "https://registry.npmjs.org/treeprogram/-/treeprogram-8.6.0.tgz",
          "integrity": "sha512-P+sJud8z3s3QKM3d508X7MepZx/L2lJcGJwCfoNjZI3CVLVxXw8a7zQ1WNJl0OJcvazyYNC96b2JYSniAxtimg==",
          "requires": {
            "project-lang": "1.1.0",
            "recursive-readdir-sync": "1.0.6"
          }
        }
      }
    },
    "recursive-readdir-sync": {
      "version": "1.0.6",
      "resolved": "https://registry.npmjs.org/recursive-readdir-sync/-/recursive-readdir-sync-1.0.6.tgz",
      "integrity": "sha1-Hb9tMvPFu4083pemxYjVR6nhPVY="
    },
    "treeprogram": {
      "version": "9.0.0",
      "resolved": "https://registry.npmjs.org/treeprogram/-/treeprogram-9.0.0.tgz",
      "integrity": "sha512-NilA1S616c/jegg4vFi66rGSBkwDfZx2p3BhNZWR/OtMKFMJ5oIlV3QNzgbINpqQ7dPVVYgHkSOYuf85EW7LMQ==",
      "requires": {
        "project-lang": "1.1.0",
        "recursive-readdir-sync": "1.0.6"
      }
    }
  }
}
